
Microsoft Visual Studio Solution File, Format Version 12.00
# Visual Studio Version 16
VisualStudioVersion = 16.0.31105.61
MinimumVisualStudioVersion = 10.0.40219.1
Project("{FAE04EC0-301F-11D3-BF4B-00C04F79EFBC}") = "TrafficLight", "TrafficLight\TrafficLight.csproj", "{734EE732-672A-464B-80FE-B0338C0B4684}"
EndProject
Global
	GlobalSection(SolutionConfigurationPlatforms) = preSolution
		Debug|Any CPU = Debug|Any CPU
		Release|Any CPU = Release|Any CPU
	EndGlobalSection
	GlobalSection(ProjectConfigurationPlatforms) = postSolution
		{734EE732-672A-464B-80FE-B0338C0B4684}.Debug|Any CPU.ActiveCfg = Debug|Any CPU
		{734EE732-672A-464B-80FE-B0338C0B4684}.Debug|Any CPU.Build.0 = Debug|Any CPU
		{734EE732-672A-464B-80FE-B0338C0B4684}.Release|Any CPU.ActiveCfg = Release|Any CPU
		{734EE732-672A-464B-80FE-B0338C0B4684}.Release|Any CPU.Build.0 = Release|Any CPU
	EndGlobalSection
	GlobalSection(SolutionProperties) = preSolution
		HideSolutionNode = FALSE
	EndGlobalSection
	GlobalSection(ExtensibilityGlobals) = postSolution
		SolutionGuid = {F545806D-ED4F-4CA7-97F2-CA898C901579}
	EndGlobalSection
EndGlobal
