
Microsoft Visual Studio Solution File, Format Version 12.00
# Visual Studio Version 16
VisualStudioVersion = 16.0.31105.61
MinimumVisualStudioVersion = 10.0.40219.1
Project("{9A19103F-16F7-4668-BE54-9A1E7A4F7556}") = "Homework01", "Homework01\Homework01.csproj", "{BC397E9A-730A-48E4-B93C-5D55EAF9009C}"
EndProject
Project("{FAE04EC0-301F-11D3-BF4B-00C04F79EFBC}") = "Homework02", "Homework02\Homework02.csproj", "{8FB5B57E-4DCF-404A-9554-D75546ABBA67}"
EndProject
Project("{FAE04EC0-301F-11D3-BF4B-00C04F79EFBC}") = "Homework03", "Exercise03\Homework03.csproj", "{3E1B2381-9F80-4B3B-9750-6311F2874A81}"
EndProject
Global
	GlobalSection(SolutionConfigurationPlatforms) = preSolution
		Debug|Any CPU = Debug|Any CPU
		Release|Any CPU = Release|Any CPU
	EndGlobalSection
	GlobalSection(ProjectConfigurationPlatforms) = postSolution
		{BC397E9A-730A-48E4-B93C-5D55EAF9009C}.Debug|Any CPU.ActiveCfg = Debug|Any CPU
		{BC397E9A-730A-48E4-B93C-5D55EAF9009C}.Debug|Any CPU.Build.0 = Debug|Any CPU
		{BC397E9A-730A-48E4-B93C-5D55EAF9009C}.Release|Any CPU.ActiveCfg = Release|Any CPU
		{BC397E9A-730A-48E4-B93C-5D55EAF9009C}.Release|Any CPU.Build.0 = Release|Any CPU
		{8FB5B57E-4DCF-404A-9554-D75546ABBA67}.Debug|Any CPU.ActiveCfg = Debug|Any CPU
		{8FB5B57E-4DCF-404A-9554-D75546ABBA67}.Debug|Any CPU.Build.0 = Debug|Any CPU
		{8FB5B57E-4DCF-404A-9554-D75546ABBA67}.Release|Any CPU.ActiveCfg = Release|Any CPU
		{8FB5B57E-4DCF-404A-9554-D75546ABBA67}.Release|Any CPU.Build.0 = Release|Any CPU
		{3E1B2381-9F80-4B3B-9750-6311F2874A81}.Debug|Any CPU.ActiveCfg = Debug|Any CPU
		{3E1B2381-9F80-4B3B-9750-6311F2874A81}.Debug|Any CPU.Build.0 = Debug|Any CPU
		{3E1B2381-9F80-4B3B-9750-6311F2874A81}.Release|Any CPU.ActiveCfg = Release|Any CPU
		{3E1B2381-9F80-4B3B-9750-6311F2874A81}.Release|Any CPU.Build.0 = Release|Any CPU
	EndGlobalSection
	GlobalSection(SolutionProperties) = preSolution
		HideSolutionNode = FALSE
	EndGlobalSection
	GlobalSection(ExtensibilityGlobals) = postSolution
		SolutionGuid = {911601C0-98FF-4FC7-99A8-45BB4067BC22}
	EndGlobalSection
EndGlobal
