
Microsoft Visual Studio Solution File, Format Version 12.00
# Visual Studio Version 16
VisualStudioVersion = 16.0.31105.61
MinimumVisualStudioVersion = 10.0.40219.1
Project("{FAE04EC0-301F-11D3-BF4B-00C04F79EFBC}") = "Homework01", "Homework01\Homework01.csproj", "{F8A034CF-9F8A-422B-BA95-B2FF56304C36}"
EndProject
Project("{FAE04EC0-301F-11D3-BF4B-00C04F79EFBC}") = "Homework02", "Homework02\Homework02.csproj", "{CF095C7A-DEB5-4D92-9B91-B03D5861AF23}"
EndProject
Project("{FAE04EC0-301F-11D3-BF4B-00C04F79EFBC}") = "Homework03", "Homework03\Homework03.csproj", "{36A67853-91E2-48C8-9632-69484513AFDE}"
EndProject
Global
	GlobalSection(SolutionConfigurationPlatforms) = preSolution
		Debug|Any CPU = Debug|Any CPU
		Release|Any CPU = Release|Any CPU
	EndGlobalSection
	GlobalSection(ProjectConfigurationPlatforms) = postSolution
		{F8A034CF-9F8A-422B-BA95-B2FF56304C36}.Debug|Any CPU.ActiveCfg = Debug|Any CPU
		{F8A034CF-9F8A-422B-BA95-B2FF56304C36}.Debug|Any CPU.Build.0 = Debug|Any CPU
		{F8A034CF-9F8A-422B-BA95-B2FF56304C36}.Release|Any CPU.ActiveCfg = Release|Any CPU
		{F8A034CF-9F8A-422B-BA95-B2FF56304C36}.Release|Any CPU.Build.0 = Release|Any CPU
		{CF095C7A-DEB5-4D92-9B91-B03D5861AF23}.Debug|Any CPU.ActiveCfg = Debug|Any CPU
		{CF095C7A-DEB5-4D92-9B91-B03D5861AF23}.Debug|Any CPU.Build.0 = Debug|Any CPU
		{CF095C7A-DEB5-4D92-9B91-B03D5861AF23}.Release|Any CPU.ActiveCfg = Release|Any CPU
		{CF095C7A-DEB5-4D92-9B91-B03D5861AF23}.Release|Any CPU.Build.0 = Release|Any CPU
		{36A67853-91E2-48C8-9632-69484513AFDE}.Debug|Any CPU.ActiveCfg = Debug|Any CPU
		{36A67853-91E2-48C8-9632-69484513AFDE}.Debug|Any CPU.Build.0 = Debug|Any CPU
		{36A67853-91E2-48C8-9632-69484513AFDE}.Release|Any CPU.ActiveCfg = Release|Any CPU
		{36A67853-91E2-48C8-9632-69484513AFDE}.Release|Any CPU.Build.0 = Release|Any CPU
	EndGlobalSection
	GlobalSection(SolutionProperties) = preSolution
		HideSolutionNode = FALSE
	EndGlobalSection
	GlobalSection(ExtensibilityGlobals) = postSolution
		SolutionGuid = {E5BF244E-188E-47E4-8D95-51A50CE22556}
	EndGlobalSection
EndGlobal
