
Microsoft Visual Studio Solution File, Format Version 12.00
# Visual Studio Version 16
VisualStudioVersion = 16.0.31105.61
MinimumVisualStudioVersion = 10.0.40219.1
Project("{FAE04EC0-301F-11D3-BF4B-00C04F79EFBC}") = "Exercise01_SumOfEven", "Exercise01 - SumOfEven\Exercise01_SumOfEven.csproj", "{F720A095-CA32-4196-9B40-F2DA1E311499}"
EndProject
Project("{FAE04EC0-301F-11D3-BF4B-00C04F79EFBC}") = "Exercise02_StudentGroup", "Exercise02_StudentGroup\Exercise02_StudentGroup.csproj", "{544F3ED8-5B6E-4186-A6AC-E4301E5A1BC0}"
EndProject
Project("{FAE04EC0-301F-11D3-BF4B-00C04F79EFBC}") = "ClassExercise05", "ClassExercise05\ClassExercise05.csproj", "{68EF9651-B413-474B-B11F-22F84B3E01CF}"
EndProject
Global
	GlobalSection(SolutionConfigurationPlatforms) = preSolution
		Debug|Any CPU = Debug|Any CPU
		Release|Any CPU = Release|Any CPU
	EndGlobalSection
	GlobalSection(ProjectConfigurationPlatforms) = postSolution
		{F720A095-CA32-4196-9B40-F2DA1E311499}.Debug|Any CPU.ActiveCfg = Debug|Any CPU
		{F720A095-CA32-4196-9B40-F2DA1E311499}.Debug|Any CPU.Build.0 = Debug|Any CPU
		{F720A095-CA32-4196-9B40-F2DA1E311499}.Release|Any CPU.ActiveCfg = Release|Any CPU
		{F720A095-CA32-4196-9B40-F2DA1E311499}.Release|Any CPU.Build.0 = Release|Any CPU
		{544F3ED8-5B6E-4186-A6AC-E4301E5A1BC0}.Debug|Any CPU.ActiveCfg = Debug|Any CPU
		{544F3ED8-5B6E-4186-A6AC-E4301E5A1BC0}.Debug|Any CPU.Build.0 = Debug|Any CPU
		{544F3ED8-5B6E-4186-A6AC-E4301E5A1BC0}.Release|Any CPU.ActiveCfg = Release|Any CPU
		{544F3ED8-5B6E-4186-A6AC-E4301E5A1BC0}.Release|Any CPU.Build.0 = Release|Any CPU
		{68EF9651-B413-474B-B11F-22F84B3E01CF}.Debug|Any CPU.ActiveCfg = Debug|Any CPU
		{68EF9651-B413-474B-B11F-22F84B3E01CF}.Debug|Any CPU.Build.0 = Debug|Any CPU
		{68EF9651-B413-474B-B11F-22F84B3E01CF}.Release|Any CPU.ActiveCfg = Release|Any CPU
		{68EF9651-B413-474B-B11F-22F84B3E01CF}.Release|Any CPU.Build.0 = Release|Any CPU
	EndGlobalSection
	GlobalSection(SolutionProperties) = preSolution
		HideSolutionNode = FALSE
	EndGlobalSection
	GlobalSection(ExtensibilityGlobals) = postSolution
		SolutionGuid = {14931EB9-DFFF-4C63-A618-2A5A96CA0385}
	EndGlobalSection
EndGlobal
