
Microsoft Visual Studio Solution File, Format Version 12.00
# Visual Studio Version 16
VisualStudioVersion = 16.0.31105.61
MinimumVisualStudioVersion = 10.0.40219.1
Project("{FAE04EC0-301F-11D3-BF4B-00C04F79EFBC}") = "Homework01.App", "Homework01.App\Homework01.App.csproj", "{A08BE82D-1A6C-49BB-93FB-B27C4CA177C4}"
EndProject
Project("{FAE04EC0-301F-11D3-BF4B-00C04F79EFBC}") = "Homework01.Domain", "Homework01.Domain\Homework01.Domain.csproj", "{B569B55D-9C8B-4F4E-AC55-C939133F9C23}"
EndProject
Global
	GlobalSection(SolutionConfigurationPlatforms) = preSolution
		Debug|Any CPU = Debug|Any CPU
		Release|Any CPU = Release|Any CPU
	EndGlobalSection
	GlobalSection(ProjectConfigurationPlatforms) = postSolution
		{A08BE82D-1A6C-49BB-93FB-B27C4CA177C4}.Debug|Any CPU.ActiveCfg = Debug|Any CPU
		{A08BE82D-1A6C-49BB-93FB-B27C4CA177C4}.Debug|Any CPU.Build.0 = Debug|Any CPU
		{A08BE82D-1A6C-49BB-93FB-B27C4CA177C4}.Release|Any CPU.ActiveCfg = Release|Any CPU
		{A08BE82D-1A6C-49BB-93FB-B27C4CA177C4}.Release|Any CPU.Build.0 = Release|Any CPU
		{B569B55D-9C8B-4F4E-AC55-C939133F9C23}.Debug|Any CPU.ActiveCfg = Debug|Any CPU
		{B569B55D-9C8B-4F4E-AC55-C939133F9C23}.Debug|Any CPU.Build.0 = Debug|Any CPU
		{B569B55D-9C8B-4F4E-AC55-C939133F9C23}.Release|Any CPU.ActiveCfg = Release|Any CPU
		{B569B55D-9C8B-4F4E-AC55-C939133F9C23}.Release|Any CPU.Build.0 = Release|Any CPU
	EndGlobalSection
	GlobalSection(SolutionProperties) = preSolution
		HideSolutionNode = FALSE
	EndGlobalSection
	GlobalSection(ExtensibilityGlobals) = postSolution
		SolutionGuid = {A7D8BDA0-2450-4792-A581-24D451F75CDD}
	EndGlobalSection
EndGlobal
