
Microsoft Visual Studio Solution File, Format Version 12.00
# Visual Studio Version 16
VisualStudioVersion = 16.0.31105.61
MinimumVisualStudioVersion = 10.0.40219.1
Project("{FAE04EC0-301F-11D3-BF4B-00C04F79EFBC}") = "Task01", "Task01\Task01.csproj", "{C8BC71E7-1993-47BA-808A-B257CEBC93D5}"
EndProject
Global
	GlobalSection(SolutionConfigurationPlatforms) = preSolution
		Debug|Any CPU = Debug|Any CPU
		Release|Any CPU = Release|Any CPU
	EndGlobalSection
	GlobalSection(ProjectConfigurationPlatforms) = postSolution
		{C8BC71E7-1993-47BA-808A-B257CEBC93D5}.Debug|Any CPU.ActiveCfg = Debug|Any CPU
		{C8BC71E7-1993-47BA-808A-B257CEBC93D5}.Debug|Any CPU.Build.0 = Debug|Any CPU
		{C8BC71E7-1993-47BA-808A-B257CEBC93D5}.Release|Any CPU.ActiveCfg = Release|Any CPU
		{C8BC71E7-1993-47BA-808A-B257CEBC93D5}.Release|Any CPU.Build.0 = Release|Any CPU
	EndGlobalSection
	GlobalSection(SolutionProperties) = preSolution
		HideSolutionNode = FALSE
	EndGlobalSection
	GlobalSection(ExtensibilityGlobals) = postSolution
		SolutionGuid = {A012E0D5-B855-4B35-8329-1FD6C9973B37}
	EndGlobalSection
EndGlobal
